// !$*UTF8*$!
{
	archiveVersion = 1;
	classes = {
	};
	objectVersion = 55;
	objects = {

/* Begin PBXBuildFile section */
		1728919C28FA0944002F383C /* UrgencyMarker.swift in Sources */ = {isa = PBXBuildFile; fileRef = 1728919B28FA0944002F383C /* UrgencyMarker.swift */; };
		17289C1528C294E5000A701B /* MK-Extensions.swift in Sources */ = {isa = PBXBuildFile; fileRef = 17289C1428C294E5000A701B /* MK-Extensions.swift */; };
		172B5346292D6A06009BFD82 /* Region.swift in Sources */ = {isa = PBXBuildFile; fileRef = 176B01D42922BBF1004CB3C3 /* Region.swift */; };
		172B5347292D6A06009BFD82 /* Place.swift in Sources */ = {isa = PBXBuildFile; fileRef = 176B01D22922B712004CB3C3 /* Place.swift */; };
		172B5348292D6A06009BFD82 /* Property.swift in Sources */ = {isa = PBXBuildFile; fileRef = 17385275292433310012F86C /* Property.swift */; };
		172B5349292D6A06009BFD82 /* Event.swift in Sources */ = {isa = PBXBuildFile; fileRef = 176B01D62922BC1F004CB3C3 /* Event.swift */; };
		172B534B292D6A90009BFD82 /* Preview+Helpers.swift in Sources */ = {isa = PBXBuildFile; fileRef = 172B534A292D6A90009BFD82 /* Preview+Helpers.swift */; };
		172B534E292D6B3A009BFD82 /* Property+Helpers.swift in Sources */ = {isa = PBXBuildFile; fileRef = 172B534D292D6B3A009BFD82 /* Property+Helpers.swift */; };
		172B5350292D7616009BFD82 /* Event+Helpers.swift in Sources */ = {isa = PBXBuildFile; fileRef = 172B534F292D7616009BFD82 /* Event+Helpers.swift */; };
		172B5354292D78A1009BFD82 /* Region+Helpers.swift in Sources */ = {isa = PBXBuildFile; fileRef = 172B5353292D78A1009BFD82 /* Region+Helpers.swift */; };
		172B5356292D7A37009BFD82 /* Place+Helpers.swift in Sources */ = {isa = PBXBuildFile; fileRef = 172B5355292D7A37009BFD82 /* Place+Helpers.swift */; };
		172B5362293905CD009BFD82 /* MainViewModel.swift in Sources */ = {isa = PBXBuildFile; fileRef = 172B5361293905CD009BFD82 /* MainViewModel.swift */; };
		172B5366293E9ED0009BFD82 /* DefaultPlaceMapper+Root.swift in Sources */ = {isa = PBXBuildFile; fileRef = 172B5365293E9ED0009BFD82 /* DefaultPlaceMapper+Root.swift */; };
		172B5368293E9F0A009BFD82 /* DefaultPlaceMapper+DefaultPlace.swift in Sources */ = {isa = PBXBuildFile; fileRef = 172B5367293E9F0A009BFD82 /* DefaultPlaceMapper+DefaultPlace.swift */; };
		172B536A293E9FB2009BFD82 /* DefaultPlaceMapper+DefaultEvent.swift in Sources */ = {isa = PBXBuildFile; fileRef = 172B5369293E9FB2009BFD82 /* DefaultPlaceMapper+DefaultEvent.swift */; };
		172B536C293EA0EB009BFD82 /* DefaultPlaceMapper+DefaultRegion.swift in Sources */ = {isa = PBXBuildFile; fileRef = 172B536B293EA0EB009BFD82 /* DefaultPlaceMapper+DefaultRegion.swift */; };
		172B5374293FB8CE009BFD82 /* PlaceViewModelTests.swift in Sources */ = {isa = PBXBuildFile; fileRef = 172B5373293FB8CE009BFD82 /* PlaceViewModelTests.swift */; };
		172B537B29424298009BFD82 /* SectionViewModel.swift in Sources */ = {isa = PBXBuildFile; fileRef = 172B537A29424298009BFD82 /* SectionViewModel.swift */; };
		172B537D294242C3009BFD82 /* MultipleSectionViewModel.swift in Sources */ = {isa = PBXBuildFile; fileRef = 172B537C294242C3009BFD82 /* MultipleSectionViewModel.swift */; };
		172B537F29425ACC009BFD82 /* SectionViewModelTests.swift in Sources */ = {isa = PBXBuildFile; fileRef = 172B537E29425ACC009BFD82 /* SectionViewModelTests.swift */; };
		173852782924427F0012F86C /* PlaceViewModel.swift in Sources */ = {isa = PBXBuildFile; fileRef = 173852772924427F0012F86C /* PlaceViewModel.swift */; };
		1738527A2924428F0012F86C /* EventViewModel.swift in Sources */ = {isa = PBXBuildFile; fileRef = 173852792924428F0012F86C /* EventViewModel.swift */; };
		1755E601289DB7DF00164552 /* Assets.xcassets in Resources */ = {isa = PBXBuildFile; fileRef = 1755E600289DB7DF00164552 /* Assets.xcassets */; };
		1755E603289DB7F400164552 /* PhillyJamsApp.swift in Sources */ = {isa = PBXBuildFile; fileRef = 174D45B1289C5C35001AAC96 /* PhillyJamsApp.swift */; };
		1755E604289DB7F400164552 /* PlaceMarker.swift in Sources */ = {isa = PBXBuildFile; fileRef = 1755E5BF289DAEBD00164552 /* PlaceMarker.swift */; };
		1755E605289DB7F400164552 /* PlacePreviewView.swift in Sources */ = {isa = PBXBuildFile; fileRef = 1755E5C2289DAEBD00164552 /* PlacePreviewView.swift */; };
		1755E606289DB7F400164552 /* MainView.swift in Sources */ = {isa = PBXBuildFile; fileRef = 1755E5C1289DAEBD00164552 /* MainView.swift */; };
		1755E609289DB8C500164552 /* Color-HexString.swift in Sources */ = {isa = PBXBuildFile; fileRef = 1755E608289DB8C500164552 /* Color-HexString.swift */; };
		1755E62728A4419C00164552 /* MusicVenues.framework in Frameworks */ = {isa = PBXBuildFile; fileRef = 1755E61D28A4419C00164552 /* MusicVenues.framework */; };
		1755E62F28A4419C00164552 /* MusicVenues.h in Headers */ = {isa = PBXBuildFile; fileRef = 1755E61F28A4419C00164552 /* MusicVenues.h */; settings = {ATTRIBUTES = (Public, ); }; };
		1755E64028A5704E00164552 /* PlaceLoader.swift in Sources */ = {isa = PBXBuildFile; fileRef = 174D45E0289C5F42001AAC96 /* PlaceLoader.swift */; };
		1755E64228A5705200164552 /* DefaultPlaceMapper.swift in Sources */ = {isa = PBXBuildFile; fileRef = 174D45F2289D9C2C001AAC96 /* DefaultPlaceMapper.swift */; };
		1755E64328A5705200164552 /* DefaultPlaceStore.json in Resources */ = {isa = PBXBuildFile; fileRef = 174D45E9289C6AE8001AAC96 /* DefaultPlaceStore.json */; };
		1755E64428A5705200164552 /* DefaultPlaceLoader.swift in Sources */ = {isa = PBXBuildFile; fileRef = 174D45E4289C689B001AAC96 /* DefaultPlaceLoader.swift */; };
		1755E64728A58D9500164552 /* DefaultPlaceStore.json in Resources */ = {isa = PBXBuildFile; fileRef = 174D45E9289C6AE8001AAC96 /* DefaultPlaceStore.json */; };
		1755E66928B577C800164552 /* MusicVenues.framework in Frameworks */ = {isa = PBXBuildFile; fileRef = 1755E61D28A4419C00164552 /* MusicVenues.framework */; };
		1755E66A28B577C800164552 /* MusicVenues.framework in Embed Frameworks */ = {isa = PBXBuildFile; fileRef = 1755E61D28A4419C00164552 /* MusicVenues.framework */; settings = {ATTRIBUTES = (CodeSignOnCopy, RemoveHeadersOnCopy, ); }; };
		17604D8328BFF9A1001E3FF2 /* PlaceDetailView.swift in Sources */ = {isa = PBXBuildFile; fileRef = 17604D8228BFF9A1001E3FF2 /* PlaceDetailView.swift */; };
		17604D8728C006AC001E3FF2 /* InfoView.swift in Sources */ = {isa = PBXBuildFile; fileRef = 17604D8628C006AC001E3FF2 /* InfoView.swift */; };
		17604D8A28C14F78001E3FF2 /* MapView.swift in Sources */ = {isa = PBXBuildFile; fileRef = 17604D8928C14F78001E3FF2 /* MapView.swift */; };
		176B01CF291EF3EE004CB3C3 /* InfoBannerView.swift in Sources */ = {isa = PBXBuildFile; fileRef = 176B01CE291EF3EE004CB3C3 /* InfoBannerView.swift */; };
		17AA372428DB9E3E0030F6B7 /* DefaultPlaceMapperTests.swift in Sources */ = {isa = PBXBuildFile; fileRef = 17AA372328DB9E3E0030F6B7 /* DefaultPlaceMapperTests.swift */; };
		17AA372628DE449C0030F6B7 /* Color-Styles.swift in Sources */ = {isa = PBXBuildFile; fileRef = 17AA372528DE449C0030F6B7 /* Color-Styles.swift */; };
		17AA372A28E4DCCA0030F6B7 /* WebView.swift in Sources */ = {isa = PBXBuildFile; fileRef = 17AA372928E4DCCA0030F6B7 /* WebView.swift */; };
		17C91C1328CFC8B80038F788 /* MapNavigatorView.swift in Sources */ = {isa = PBXBuildFile; fileRef = 17C91C1228CFC8B80038F788 /* MapNavigatorView.swift */; };
		17C91C1D28CFDEEE0038F788 /* RegionPicker.swift in Sources */ = {isa = PBXBuildFile; fileRef = 17C91C1C28CFDEEE0038F788 /* RegionPicker.swift */; };
		17C91C1F28D0F8640038F788 /* MultipleSectionPicker.swift in Sources */ = {isa = PBXBuildFile; fileRef = 17C91C1E28D0F8640038F788 /* MultipleSectionPicker.swift */; };
		17C91C2228D0FD8E0038F788 /* WrappingHStack in Frameworks */ = {isa = PBXBuildFile; productRef = 17C91C2128D0FD8E0038F788 /* WrappingHStack */; };
		17C91C2428D10BBB0038F788 /* SectionPicker.swift in Sources */ = {isa = PBXBuildFile; fileRef = 17C91C2328D10BBB0038F788 /* SectionPicker.swift */; };
		17DC35F629817BCA007720EB /* ContainerView.swift in Sources */ = {isa = PBXBuildFile; fileRef = 17DC35F529817BCA007720EB /* ContainerView.swift */; };
		17E62F9D2912FAC70088C3CB /* SimpleBannerView.swift in Sources */ = {isa = PBXBuildFile; fileRef = 17E62F9C2912FAC70088C3CB /* SimpleBannerView.swift */; };
/* End PBXBuildFile section */

/* Begin PBXContainerItemProxy section */
		172B5375293FB8CE009BFD82 /* PBXContainerItemProxy */ = {
			isa = PBXContainerItemProxy;
			containerPortal = 174D45A6289C5C35001AAC96 /* Project object */;
			proxyType = 1;
			remoteGlobalIDString = 1755E5DD289DB4E000164552;
			remoteInfo = PhillyJams;
		};
		1755E62828A4419C00164552 /* PBXContainerItemProxy */ = {
			isa = PBXContainerItemProxy;
			containerPortal = 174D45A6289C5C35001AAC96 /* Project object */;
			proxyType = 1;
			remoteGlobalIDString = 1755E61C28A4419C00164552;
			remoteInfo = MusicVenues;
		};
		1755E62A28A4419C00164552 /* PBXContainerItemProxy */ = {
			isa = PBXContainerItemProxy;
			containerPortal = 174D45A6289C5C35001AAC96 /* Project object */;
			proxyType = 1;
			remoteGlobalIDString = 1755E5DD289DB4E000164552;
			remoteInfo = PhillyJams;
		};
		1755E63028A4419C00164552 /* PBXContainerItemProxy */ = {
			isa = PBXContainerItemProxy;
			containerPortal = 174D45A6289C5C35001AAC96 /* Project object */;
			proxyType = 1;
			remoteGlobalIDString = 1755E61C28A4419C00164552;
			remoteInfo = MusicVenues;
		};
/* End PBXContainerItemProxy section */

/* Begin PBXCopyFilesBuildPhase section */
		1755E63428A4419D00164552 /* Embed Frameworks */ = {
			isa = PBXCopyFilesBuildPhase;
			buildActionMask = 2147483647;
			dstPath = "";
			dstSubfolderSpec = 10;
			files = (
				1755E66A28B577C800164552 /* MusicVenues.framework in Embed Frameworks */,
			);
			name = "Embed Frameworks";
			runOnlyForDeploymentPostprocessing = 0;
		};
/* End PBXCopyFilesBuildPhase section */

/* Begin PBXFileReference section */
		1728919B28FA0944002F383C /* UrgencyMarker.swift */ = {isa = PBXFileReference; lastKnownFileType = sourcecode.swift; path = UrgencyMarker.swift; sourceTree = "<group>"; };
		17289C1428C294E5000A701B /* MK-Extensions.swift */ = {isa = PBXFileReference; lastKnownFileType = sourcecode.swift; path = "MK-Extensions.swift"; sourceTree = "<group>"; };
		172B534A292D6A90009BFD82 /* Preview+Helpers.swift */ = {isa = PBXFileReference; lastKnownFileType = sourcecode.swift; path = "Preview+Helpers.swift"; sourceTree = "<group>"; };
		172B534D292D6B3A009BFD82 /* Property+Helpers.swift */ = {isa = PBXFileReference; lastKnownFileType = sourcecode.swift; path = "Property+Helpers.swift"; sourceTree = "<group>"; };
		172B534F292D7616009BFD82 /* Event+Helpers.swift */ = {isa = PBXFileReference; lastKnownFileType = sourcecode.swift; path = "Event+Helpers.swift"; sourceTree = "<group>"; };
		172B5353292D78A1009BFD82 /* Region+Helpers.swift */ = {isa = PBXFileReference; lastKnownFileType = sourcecode.swift; path = "Region+Helpers.swift"; sourceTree = "<group>"; };
		172B5355292D7A37009BFD82 /* Place+Helpers.swift */ = {isa = PBXFileReference; lastKnownFileType = sourcecode.swift; path = "Place+Helpers.swift"; sourceTree = "<group>"; };
		172B5361293905CD009BFD82 /* MainViewModel.swift */ = {isa = PBXFileReference; lastKnownFileType = sourcecode.swift; path = MainViewModel.swift; sourceTree = "<group>"; };
		172B5365293E9ED0009BFD82 /* DefaultPlaceMapper+Root.swift */ = {isa = PBXFileReference; fileEncoding = 4; lastKnownFileType = sourcecode.swift; path = "DefaultPlaceMapper+Root.swift"; sourceTree = "<group>"; };
		172B5367293E9F0A009BFD82 /* DefaultPlaceMapper+DefaultPlace.swift */ = {isa = PBXFileReference; fileEncoding = 4; lastKnownFileType = sourcecode.swift; path = "DefaultPlaceMapper+DefaultPlace.swift"; sourceTree = "<group>"; };
		172B5369293E9FB2009BFD82 /* DefaultPlaceMapper+DefaultEvent.swift */ = {isa = PBXFileReference; fileEncoding = 4; lastKnownFileType = sourcecode.swift; path = "DefaultPlaceMapper+DefaultEvent.swift"; sourceTree = "<group>"; };
		172B536B293EA0EB009BFD82 /* DefaultPlaceMapper+DefaultRegion.swift */ = {isa = PBXFileReference; fileEncoding = 4; lastKnownFileType = sourcecode.swift; path = "DefaultPlaceMapper+DefaultRegion.swift"; sourceTree = "<group>"; };
		172B5371293FB8CE009BFD82 /* PhillyJamsTests.xctest */ = {isa = PBXFileReference; explicitFileType = wrapper.cfbundle; includeInIndex = 0; path = PhillyJamsTests.xctest; sourceTree = BUILT_PRODUCTS_DIR; };
		172B5373293FB8CE009BFD82 /* PlaceViewModelTests.swift */ = {isa = PBXFileReference; lastKnownFileType = sourcecode.swift; path = PlaceViewModelTests.swift; sourceTree = "<group>"; };
		172B537A29424298009BFD82 /* SectionViewModel.swift */ = {isa = PBXFileReference; fileEncoding = 4; lastKnownFileType = sourcecode.swift; path = SectionViewModel.swift; sourceTree = "<group>"; };
		172B537C294242C3009BFD82 /* MultipleSectionViewModel.swift */ = {isa = PBXFileReference; fileEncoding = 4; lastKnownFileType = sourcecode.swift; path = MultipleSectionViewModel.swift; sourceTree = "<group>"; };
		172B537E29425ACC009BFD82 /* SectionViewModelTests.swift */ = {isa = PBXFileReference; lastKnownFileType = sourcecode.swift; path = SectionViewModelTests.swift; sourceTree = "<group>"; };
		17385275292433310012F86C /* Property.swift */ = {isa = PBXFileReference; lastKnownFileType = sourcecode.swift; path = Property.swift; sourceTree = "<group>"; };
		173852772924427F0012F86C /* PlaceViewModel.swift */ = {isa = PBXFileReference; lastKnownFileType = sourcecode.swift; path = PlaceViewModel.swift; sourceTree = "<group>"; };
		173852792924428F0012F86C /* EventViewModel.swift */ = {isa = PBXFileReference; lastKnownFileType = sourcecode.swift; path = EventViewModel.swift; sourceTree = "<group>"; };
		174D45B1289C5C35001AAC96 /* PhillyJamsApp.swift */ = {isa = PBXFileReference; lastKnownFileType = sourcecode.swift; path = PhillyJamsApp.swift; sourceTree = "<group>"; };
		174D45E0289C5F42001AAC96 /* PlaceLoader.swift */ = {isa = PBXFileReference; lastKnownFileType = sourcecode.swift; path = PlaceLoader.swift; sourceTree = "<group>"; };
		174D45E4289C689B001AAC96 /* DefaultPlaceLoader.swift */ = {isa = PBXFileReference; lastKnownFileType = sourcecode.swift; path = DefaultPlaceLoader.swift; sourceTree = "<group>"; };
		174D45E9289C6AE8001AAC96 /* DefaultPlaceStore.json */ = {isa = PBXFileReference; explicitFileType = text.json; path = DefaultPlaceStore.json; sourceTree = "<group>"; };
		174D45F2289D9C2C001AAC96 /* DefaultPlaceMapper.swift */ = {isa = PBXFileReference; lastKnownFileType = sourcecode.swift; path = DefaultPlaceMapper.swift; sourceTree = "<group>"; };
		1755E5BF289DAEBD00164552 /* PlaceMarker.swift */ = {isa = PBXFileReference; fileEncoding = 4; lastKnownFileType = sourcecode.swift; path = PlaceMarker.swift; sourceTree = "<group>"; };
		1755E5C1289DAEBD00164552 /* MainView.swift */ = {isa = PBXFileReference; fileEncoding = 4; lastKnownFileType = sourcecode.swift; path = MainView.swift; sourceTree = "<group>"; };
		1755E5C2289DAEBD00164552 /* PlacePreviewView.swift */ = {isa = PBXFileReference; fileEncoding = 4; lastKnownFileType = sourcecode.swift; path = PlacePreviewView.swift; sourceTree = "<group>"; };
		1755E5DE289DB4E000164552 /* PhillyJams.app */ = {isa = PBXFileReference; explicitFileType = wrapper.application; includeInIndex = 0; path = PhillyJams.app; sourceTree = BUILT_PRODUCTS_DIR; };
		1755E600289DB7DF00164552 /* Assets.xcassets */ = {isa = PBXFileReference; lastKnownFileType = folder.assetcatalog; path = Assets.xcassets; sourceTree = "<group>"; };
		1755E608289DB8C500164552 /* Color-HexString.swift */ = {isa = PBXFileReference; fileEncoding = 4; lastKnownFileType = sourcecode.swift; path = "Color-HexString.swift"; sourceTree = "<group>"; };
		1755E61D28A4419C00164552 /* MusicVenues.framework */ = {isa = PBXFileReference; explicitFileType = wrapper.framework; includeInIndex = 0; path = MusicVenues.framework; sourceTree = BUILT_PRODUCTS_DIR; };
		1755E61F28A4419C00164552 /* MusicVenues.h */ = {isa = PBXFileReference; lastKnownFileType = sourcecode.c.h; path = MusicVenues.h; sourceTree = "<group>"; };
		1755E62628A4419C00164552 /* MusicVenuesTests.xctest */ = {isa = PBXFileReference; explicitFileType = wrapper.cfbundle; includeInIndex = 0; path = MusicVenuesTests.xctest; sourceTree = BUILT_PRODUCTS_DIR; };
		1755E65228B3C67F00164552 /* GenreType.swift */ = {isa = PBXFileReference; lastKnownFileType = sourcecode.swift; path = GenreType.swift; sourceTree = "<group>"; };
		1755E65428B3C69F00164552 /* VibeType.swift */ = {isa = PBXFileReference; lastKnownFileType = sourcecode.swift; path = VibeType.swift; sourceTree = "<group>"; };
		17604D8228BFF9A1001E3FF2 /* PlaceDetailView.swift */ = {isa = PBXFileReference; lastKnownFileType = sourcecode.swift; path = PlaceDetailView.swift; sourceTree = "<group>"; };
		17604D8628C006AC001E3FF2 /* InfoView.swift */ = {isa = PBXFileReference; lastKnownFileType = sourcecode.swift; path = InfoView.swift; sourceTree = "<group>"; };
		17604D8828C14902001E3FF2 /* Info.plist */ = {isa = PBXFileReference; lastKnownFileType = text.plist; path = Info.plist; sourceTree = "<group>"; };
		17604D8928C14F78001E3FF2 /* MapView.swift */ = {isa = PBXFileReference; lastKnownFileType = sourcecode.swift; path = MapView.swift; sourceTree = "<group>"; };
		176B01CE291EF3EE004CB3C3 /* InfoBannerView.swift */ = {isa = PBXFileReference; lastKnownFileType = sourcecode.swift; path = InfoBannerView.swift; sourceTree = "<group>"; };
		176B01D22922B712004CB3C3 /* Place.swift */ = {isa = PBXFileReference; lastKnownFileType = sourcecode.swift; path = Place.swift; sourceTree = "<group>"; };
		176B01D42922BBF1004CB3C3 /* Region.swift */ = {isa = PBXFileReference; lastKnownFileType = sourcecode.swift; path = Region.swift; sourceTree = "<group>"; };
		176B01D62922BC1F004CB3C3 /* Event.swift */ = {isa = PBXFileReference; lastKnownFileType = sourcecode.swift; path = Event.swift; sourceTree = "<group>"; };
		17AA372328DB9E3E0030F6B7 /* DefaultPlaceMapperTests.swift */ = {isa = PBXFileReference; lastKnownFileType = sourcecode.swift; path = DefaultPlaceMapperTests.swift; sourceTree = "<group>"; };
		17AA372528DE449C0030F6B7 /* Color-Styles.swift */ = {isa = PBXFileReference; lastKnownFileType = sourcecode.swift; path = "Color-Styles.swift"; sourceTree = "<group>"; };
		17AA372928E4DCCA0030F6B7 /* WebView.swift */ = {isa = PBXFileReference; lastKnownFileType = sourcecode.swift; path = WebView.swift; sourceTree = "<group>"; };
		17C91C1228CFC8B80038F788 /* MapNavigatorView.swift */ = {isa = PBXFileReference; lastKnownFileType = sourcecode.swift; path = MapNavigatorView.swift; sourceTree = "<group>"; };
		17C91C1C28CFDEEE0038F788 /* RegionPicker.swift */ = {isa = PBXFileReference; lastKnownFileType = sourcecode.swift; path = RegionPicker.swift; sourceTree = "<group>"; };
		17C91C1E28D0F8640038F788 /* MultipleSectionPicker.swift */ = {isa = PBXFileReference; lastKnownFileType = sourcecode.swift; path = MultipleSectionPicker.swift; sourceTree = "<group>"; };
		17C91C2328D10BBB0038F788 /* SectionPicker.swift */ = {isa = PBXFileReference; lastKnownFileType = sourcecode.swift; path = SectionPicker.swift; sourceTree = "<group>"; };
		17DC35F529817BCA007720EB /* ContainerView.swift */ = {isa = PBXFileReference; lastKnownFileType = sourcecode.swift; path = ContainerView.swift; sourceTree = "<group>"; };
		17E62F9C2912FAC70088C3CB /* SimpleBannerView.swift */ = {isa = PBXFileReference; lastKnownFileType = sourcecode.swift; path = SimpleBannerView.swift; sourceTree = "<group>"; };
/* End PBXFileReference section */

/* Begin PBXFrameworksBuildPhase section */
		172B536E293FB8CE009BFD82 /* Frameworks */ = {
			isa = PBXFrameworksBuildPhase;
			buildActionMask = 2147483647;
			files = (
			);
			runOnlyForDeploymentPostprocessing = 0;
		};
		1755E5DB289DB4E000164552 /* Frameworks */ = {
			isa = PBXFrameworksBuildPhase;
			buildActionMask = 2147483647;
			files = (
				17C91C2228D0FD8E0038F788 /* WrappingHStack in Frameworks */,
				1755E66928B577C800164552 /* MusicVenues.framework in Frameworks */,
			);
			runOnlyForDeploymentPostprocessing = 0;
		};
		1755E61A28A4419C00164552 /* Frameworks */ = {
			isa = PBXFrameworksBuildPhase;
			buildActionMask = 2147483647;
			files = (
			);
			runOnlyForDeploymentPostprocessing = 0;
		};
		1755E62328A4419C00164552 /* Frameworks */ = {
			isa = PBXFrameworksBuildPhase;
			buildActionMask = 2147483647;
			files = (
				1755E62728A4419C00164552 /* MusicVenues.framework in Frameworks */,
			);
			runOnlyForDeploymentPostprocessing = 0;
		};
/* End PBXFrameworksBuildPhase section */

/* Begin PBXGroup section */
		1721A82F28F8AD1B00F321FF /* View Models */ = {
			isa = PBXGroup;
			children = (
				172B5361293905CD009BFD82 /* MainViewModel.swift */,
				173852772924427F0012F86C /* PlaceViewModel.swift */,
				173852792924428F0012F86C /* EventViewModel.swift */,
			);
			path = "View Models";
			sourceTree = "<group>";
		};
		17289C1628C29B50000A701B /* Views */ = {
			isa = PBXGroup;
			children = (
				17DC35F529817BCA007720EB /* ContainerView.swift */,
				1755E5C1289DAEBD00164552 /* MainView.swift */,
				17604D8928C14F78001E3FF2 /* MapView.swift */,
				17604D8628C006AC001E3FF2 /* InfoView.swift */,
				1738527229242AB60012F86C /* Places */,
				1738527329242AE70012F86C /* Pickers */,
				1738527B29252CD90012F86C /* Basic */,
				172B534C292D6A94009BFD82 /* Helpers */,
			);
			path = Views;
			sourceTree = "<group>";
		};
		172B534C292D6A94009BFD82 /* Helpers */ = {
			isa = PBXGroup;
			children = (
				172B534A292D6A90009BFD82 /* Preview+Helpers.swift */,
				172B5353292D78A1009BFD82 /* Region+Helpers.swift */,
				172B534F292D7616009BFD82 /* Event+Helpers.swift */,
				172B5355292D7A37009BFD82 /* Place+Helpers.swift */,
				172B534D292D6B3A009BFD82 /* Property+Helpers.swift */,
			);
			path = Helpers;
			sourceTree = "<group>";
		};
		172B5372293FB8CE009BFD82 /* PhillyJamsTests */ = {
			isa = PBXGroup;
			children = (
				172B5373293FB8CE009BFD82 /* PlaceViewModelTests.swift */,
				172B537E29425ACC009BFD82 /* SectionViewModelTests.swift */,
			);
			path = PhillyJamsTests;
			sourceTree = "<group>";
		};
		1738527229242AB60012F86C /* Places */ = {
			isa = PBXGroup;
			children = (
				17604D8228BFF9A1001E3FF2 /* PlaceDetailView.swift */,
				1755E5C2289DAEBD00164552 /* PlacePreviewView.swift */,
				1755E5BF289DAEBD00164552 /* PlaceMarker.swift */,
				1728919B28FA0944002F383C /* UrgencyMarker.swift */,
			);
			path = Places;
			sourceTree = "<group>";
		};
		1738527329242AE70012F86C /* Pickers */ = {
			isa = PBXGroup;
			children = (
				172B537C294242C3009BFD82 /* MultipleSectionViewModel.swift */,
				17C91C1E28D0F8640038F788 /* MultipleSectionPicker.swift */,
				172B537A29424298009BFD82 /* SectionViewModel.swift */,
				17C91C2328D10BBB0038F788 /* SectionPicker.swift */,
			);
			path = Pickers;
			sourceTree = "<group>";
		};
		1738527B29252CD90012F86C /* Basic */ = {
			isa = PBXGroup;
			children = (
				17AA372928E4DCCA0030F6B7 /* WebView.swift */,
				17E62F9C2912FAC70088C3CB /* SimpleBannerView.swift */,
			);
			path = Basic;
			sourceTree = "<group>";
		};
		174D45A5289C5C35001AAC96 = {
			isa = PBXGroup;
			children = (
				1755E5CD289DB4A400164552 /* PhillyJams */,
				172B5372293FB8CE009BFD82 /* PhillyJamsTests */,
				1755E61E28A4419C00164552 /* MusicVenues */,
				1755E62C28A4419C00164552 /* MusicVenuesTests */,
				174D45AF289C5C35001AAC96 /* Products */,
				1755E61528A43DC300164552 /* Frameworks */,
			);
			sourceTree = "<group>";
		};
		174D45AF289C5C35001AAC96 /* Products */ = {
			isa = PBXGroup;
			children = (
				1755E5DE289DB4E000164552 /* PhillyJams.app */,
				1755E61D28A4419C00164552 /* MusicVenues.framework */,
				1755E62628A4419C00164552 /* MusicVenuesTests.xctest */,
				172B5371293FB8CE009BFD82 /* PhillyJamsTests.xctest */,
			);
			name = Products;
			sourceTree = "<group>";
		};
		174D45DC289C5CD3001AAC96 /* Places Feature */ = {
			isa = PBXGroup;
			children = (
				174D45E0289C5F42001AAC96 /* PlaceLoader.swift */,
				1755E65228B3C67F00164552 /* GenreType.swift */,
				1755E65428B3C69F00164552 /* VibeType.swift */,
			);
			path = "Places Feature";
			sourceTree = "<group>";
		};
		174D45DD289C5CDA001AAC96 /* VenueAPI */ = {
			isa = PBXGroup;
			children = (
				174D45E4289C689B001AAC96 /* DefaultPlaceLoader.swift */,
				174D45F2289D9C2C001AAC96 /* DefaultPlaceMapper.swift */,
				172B5365293E9ED0009BFD82 /* DefaultPlaceMapper+Root.swift */,
				172B5367293E9F0A009BFD82 /* DefaultPlaceMapper+DefaultPlace.swift */,
				172B536B293EA0EB009BFD82 /* DefaultPlaceMapper+DefaultRegion.swift */,
				172B5369293E9FB2009BFD82 /* DefaultPlaceMapper+DefaultEvent.swift */,
				174D45E9289C6AE8001AAC96 /* DefaultPlaceStore.json */,
			);
			path = VenueAPI;
			sourceTree = "<group>";
		};
		174D45E6289C68B9001AAC96 /* Helper */ = {
			isa = PBXGroup;
			children = (
				1755E608289DB8C500164552 /* Color-HexString.swift */,
				17AA372528DE449C0030F6B7 /* Color-Styles.swift */,
				17289C1428C294E5000A701B /* MK-Extensions.swift */,
			);
			path = Helper;
			sourceTree = "<group>";
		};
		1755E5CD289DB4A400164552 /* PhillyJams */ = {
			isa = PBXGroup;
			children = (
				17604D8828C14902001E3FF2 /* Info.plist */,
				174D45B1289C5C35001AAC96 /* PhillyJamsApp.swift */,
				1721A82F28F8AD1B00F321FF /* View Models */,
				17289C1628C29B50000A701B /* Views */,
				1755E64C28B2CFC500164552 /* View Components */,
				174D45E6289C68B9001AAC96 /* Helper */,
				176B01D0291EF6C6004CB3C3 /* PhillyJams */,
				1755E600289DB7DF00164552 /* Assets.xcassets */,
			);
			path = PhillyJams;
			sourceTree = "<group>";
		};
		1755E61528A43DC300164552 /* Frameworks */ = {
			isa = PBXGroup;
			children = (
			);
			name = Frameworks;
			sourceTree = "<group>";
		};
		1755E61E28A4419C00164552 /* MusicVenues */ = {
			isa = PBXGroup;
			children = (
				17C91C1428CFCA1B0038F788 /* Model */,
				174D45DC289C5CD3001AAC96 /* Places Feature */,
				174D45DD289C5CDA001AAC96 /* VenueAPI */,
				1755E61F28A4419C00164552 /* MusicVenues.h */,
			);
			path = MusicVenues;
			sourceTree = "<group>";
		};
		1755E62C28A4419C00164552 /* MusicVenuesTests */ = {
			isa = PBXGroup;
			children = (
				17AA372328DB9E3E0030F6B7 /* DefaultPlaceMapperTests.swift */,
			);
			path = MusicVenuesTests;
			sourceTree = "<group>";
		};
		1755E64C28B2CFC500164552 /* View Components */ = {
			isa = PBXGroup;
			children = (
				17C91C1228CFC8B80038F788 /* MapNavigatorView.swift */,
				17C91C1C28CFDEEE0038F788 /* RegionPicker.swift */,
			);
			path = "View Components";
			sourceTree = "<group>";
		};
		176B01D0291EF6C6004CB3C3 /* PhillyJams */ = {
			isa = PBXGroup;
			children = (
				176B01D1291EF6EA004CB3C3 /* View Components */,
			);
			path = PhillyJams;
			sourceTree = "<group>";
		};
		176B01D1291EF6EA004CB3C3 /* View Components */ = {
			isa = PBXGroup;
			children = (
				176B01CE291EF3EE004CB3C3 /* InfoBannerView.swift */,
			);
			path = "View Components";
			sourceTree = "<group>";
		};
		17C91C1428CFCA1B0038F788 /* Model */ = {
			isa = PBXGroup;
			children = (
				176B01D42922BBF1004CB3C3 /* Region.swift */,
				176B01D22922B712004CB3C3 /* Place.swift */,
				176B01D62922BC1F004CB3C3 /* Event.swift */,
				17385275292433310012F86C /* Property.swift */,
			);
			path = Model;
			sourceTree = "<group>";
		};
/* End PBXGroup section */

/* Begin PBXHeadersBuildPhase section */
		1755E61828A4419C00164552 /* Headers */ = {
			isa = PBXHeadersBuildPhase;
			buildActionMask = 2147483647;
			files = (
				1755E62F28A4419C00164552 /* MusicVenues.h in Headers */,
			);
			runOnlyForDeploymentPostprocessing = 0;
		};
/* End PBXHeadersBuildPhase section */

/* Begin PBXNativeTarget section */
		172B5370293FB8CE009BFD82 /* PhillyJamsTests */ = {
			isa = PBXNativeTarget;
			buildConfigurationList = 172B5377293FB8CE009BFD82 /* Build configuration list for PBXNativeTarget "PhillyJamsTests" */;
			buildPhases = (
				172B536D293FB8CE009BFD82 /* Sources */,
				172B536E293FB8CE009BFD82 /* Frameworks */,
				172B536F293FB8CE009BFD82 /* Resources */,
			);
			buildRules = (
			);
			dependencies = (
				172B5376293FB8CE009BFD82 /* PBXTargetDependency */,
			);
			name = PhillyJamsTests;
			productName = PhillyJamsTests;
			productReference = 172B5371293FB8CE009BFD82 /* PhillyJamsTests.xctest */;
			productType = "com.apple.product-type.bundle.unit-test";
		};
		1755E5DD289DB4E000164552 /* PhillyJams */ = {
			isa = PBXNativeTarget;
			buildConfigurationList = 1755E5E9289DB4E100164552 /* Build configuration list for PBXNativeTarget "PhillyJams" */;
			buildPhases = (
				1755E5DA289DB4E000164552 /* Sources */,
				1755E5DB289DB4E000164552 /* Frameworks */,
				1755E5DC289DB4E000164552 /* Resources */,
				1755E63428A4419D00164552 /* Embed Frameworks */,
			);
			buildRules = (
			);
			dependencies = (
				1755E63128A4419C00164552 /* PBXTargetDependency */,
			);
			name = PhillyJams;
			packageProductDependencies = (
				17C91C2128D0FD8E0038F788 /* WrappingHStack */,
			);
			productName = PhillyJamsIOS;
			productReference = 1755E5DE289DB4E000164552 /* PhillyJams.app */;
			productType = "com.apple.product-type.application";
		};
		1755E61C28A4419C00164552 /* MusicVenues */ = {
			isa = PBXNativeTarget;
			buildConfigurationList = 1755E63928A4419D00164552 /* Build configuration list for PBXNativeTarget "MusicVenues" */;
			buildPhases = (
				1755E61828A4419C00164552 /* Headers */,
				1755E61928A4419C00164552 /* Sources */,
				1755E61A28A4419C00164552 /* Frameworks */,
				1755E61B28A4419C00164552 /* Resources */,
			);
			buildRules = (
			);
			dependencies = (
			);
			name = MusicVenues;
			productName = MusicVenues;
			productReference = 1755E61D28A4419C00164552 /* MusicVenues.framework */;
			productType = "com.apple.product-type.framework";
		};
		1755E62528A4419C00164552 /* MusicVenuesTests */ = {
			isa = PBXNativeTarget;
			buildConfigurationList = 1755E63A28A4419D00164552 /* Build configuration list for PBXNativeTarget "MusicVenuesTests" */;
			buildPhases = (
				1755E62228A4419C00164552 /* Sources */,
				1755E62328A4419C00164552 /* Frameworks */,
				1755E62428A4419C00164552 /* Resources */,
			);
			buildRules = (
			);
			dependencies = (
				1755E62928A4419C00164552 /* PBXTargetDependency */,
				1755E62B28A4419C00164552 /* PBXTargetDependency */,
			);
			name = MusicVenuesTests;
			productName = MusicVenuesTests;
			productReference = 1755E62628A4419C00164552 /* MusicVenuesTests.xctest */;
			productType = "com.apple.product-type.bundle.unit-test";
		};
/* End PBXNativeTarget section */

/* Begin PBXProject section */
		174D45A6289C5C35001AAC96 /* Project object */ = {
			isa = PBXProject;
			attributes = {
				BuildIndependentTargetsInParallel = 1;
				LastSwiftUpdateCheck = 1400;
				LastUpgradeCheck = 1400;
				TargetAttributes = {
					172B5370293FB8CE009BFD82 = {
						CreatedOnToolsVersion = 14.0.1;
						TestTargetID = 1755E5DD289DB4E000164552;
					};
					1755E5DD289DB4E000164552 = {
						CreatedOnToolsVersion = 13.4.1;
					};
					1755E61C28A4419C00164552 = {
						CreatedOnToolsVersion = 13.4.1;
					};
					1755E62528A4419C00164552 = {
						CreatedOnToolsVersion = 13.4.1;
						LastSwiftMigration = 1340;
					};
				};
			};
			buildConfigurationList = 174D45A9289C5C35001AAC96 /* Build configuration list for PBXProject "PhillyJams" */;
			compatibilityVersion = "Xcode 13.0";
			developmentRegion = en;
			hasScannedForEncodings = 0;
			knownRegions = (
				en,
				Base,
			);
			mainGroup = 174D45A5289C5C35001AAC96;
			packageReferences = (
				17C91C2028D0FD8E0038F788 /* XCRemoteSwiftPackageReference "WrappingHStack" */,
			);
			productRefGroup = 174D45AF289C5C35001AAC96 /* Products */;
			projectDirPath = "";
			projectRoot = "";
			targets = (
				1755E5DD289DB4E000164552 /* PhillyJams */,
				1755E61C28A4419C00164552 /* MusicVenues */,
				1755E62528A4419C00164552 /* MusicVenuesTests */,
				172B5370293FB8CE009BFD82 /* PhillyJamsTests */,
			);
		};
/* End PBXProject section */

/* Begin PBXResourcesBuildPhase section */
		172B536F293FB8CE009BFD82 /* Resources */ = {
			isa = PBXResourcesBuildPhase;
			buildActionMask = 2147483647;
			files = (
			);
			runOnlyForDeploymentPostprocessing = 0;
		};
		1755E5DC289DB4E000164552 /* Resources */ = {
			isa = PBXResourcesBuildPhase;
			buildActionMask = 2147483647;
			files = (
				1755E601289DB7DF00164552 /* Assets.xcassets in Resources */,
				1755E64728A58D9500164552 /* DefaultPlaceStore.json in Resources */,
			);
			runOnlyForDeploymentPostprocessing = 0;
		};
		1755E61B28A4419C00164552 /* Resources */ = {
			isa = PBXResourcesBuildPhase;
			buildActionMask = 2147483647;
			files = (
				1755E64328A5705200164552 /* DefaultPlaceStore.json in Resources */,
			);
			runOnlyForDeploymentPostprocessing = 0;
		};
		1755E62428A4419C00164552 /* Resources */ = {
			isa = PBXResourcesBuildPhase;
			buildActionMask = 2147483647;
			files = (
			);
			runOnlyForDeploymentPostprocessing = 0;
		};
/* End PBXResourcesBuildPhase section */

/* Begin PBXSourcesBuildPhase section */
		172B536D293FB8CE009BFD82 /* Sources */ = {
			isa = PBXSourcesBuildPhase;
			buildActionMask = 2147483647;
			files = (
				172B537F29425ACC009BFD82 /* SectionViewModelTests.swift in Sources */,
				172B5374293FB8CE009BFD82 /* PlaceViewModelTests.swift in Sources */,
			);
			runOnlyForDeploymentPostprocessing = 0;
		};
		1755E5DA289DB4E000164552 /* Sources */ = {
			isa = PBXSourcesBuildPhase;
			buildActionMask = 2147483647;
			files = (
				17C91C1F28D0F8640038F788 /* MultipleSectionPicker.swift in Sources */,
				1755E604289DB7F400164552 /* PlaceMarker.swift in Sources */,
				17604D8A28C14F78001E3FF2 /* MapView.swift in Sources */,
				172B5354292D78A1009BFD82 /* Region+Helpers.swift in Sources */,
				176B01CF291EF3EE004CB3C3 /* InfoBannerView.swift in Sources */,
				17E62F9D2912FAC70088C3CB /* SimpleBannerView.swift in Sources */,
				17604D8728C006AC001E3FF2 /* InfoView.swift in Sources */,
				17DC35F629817BCA007720EB /* ContainerView.swift in Sources */,
				17C91C2428D10BBB0038F788 /* SectionPicker.swift in Sources */,
				1755E605289DB7F400164552 /* PlacePreviewView.swift in Sources */,
				17C91C1328CFC8B80038F788 /* MapNavigatorView.swift in Sources */,
				17289C1528C294E5000A701B /* MK-Extensions.swift in Sources */,
				1755E603289DB7F400164552 /* PhillyJamsApp.swift in Sources */,
				1755E609289DB8C500164552 /* Color-HexString.swift in Sources */,
				17AA372628DE449C0030F6B7 /* Color-Styles.swift in Sources */,
				17C91C1D28CFDEEE0038F788 /* RegionPicker.swift in Sources */,
				172B5350292D7616009BFD82 /* Event+Helpers.swift in Sources */,
				172B5362293905CD009BFD82 /* MainViewModel.swift in Sources */,
				172B537B29424298009BFD82 /* SectionViewModel.swift in Sources */,
				1738527A2924428F0012F86C /* EventViewModel.swift in Sources */,
				17AA372A28E4DCCA0030F6B7 /* WebView.swift in Sources */,
				172B537D294242C3009BFD82 /* MultipleSectionViewModel.swift in Sources */,
				1755E606289DB7F400164552 /* MainView.swift in Sources */,
				172B534E292D6B3A009BFD82 /* Property+Helpers.swift in Sources */,
				172B5356292D7A37009BFD82 /* Place+Helpers.swift in Sources */,
				1728919C28FA0944002F383C /* UrgencyMarker.swift in Sources */,
				173852782924427F0012F86C /* PlaceViewModel.swift in Sources */,
				17604D8328BFF9A1001E3FF2 /* PlaceDetailView.swift in Sources */,
				172B534B292D6A90009BFD82 /* Preview+Helpers.swift in Sources */,
			);
			runOnlyForDeploymentPostprocessing = 0;
		};
		1755E61928A4419C00164552 /* Sources */ = {
			isa = PBXSourcesBuildPhase;
			buildActionMask = 2147483647;
			files = (
				172B536C293EA0EB009BFD82 /* DefaultPlaceMapper+DefaultRegion.swift in Sources */,
				172B536A293E9FB2009BFD82 /* DefaultPlaceMapper+DefaultEvent.swift in Sources */,
				1755E64228A5705200164552 /* DefaultPlaceMapper.swift in Sources */,
				172B5347292D6A06009BFD82 /* Place.swift in Sources */,
				1755E64428A5705200164552 /* DefaultPlaceLoader.swift in Sources */,
				172B5348292D6A06009BFD82 /* Property.swift in Sources */,
				1755E64028A5704E00164552 /* PlaceLoader.swift in Sources */,
				172B5346292D6A06009BFD82 /* Region.swift in Sources */,
				172B5368293E9F0A009BFD82 /* DefaultPlaceMapper+DefaultPlace.swift in Sources */,
				172B5366293E9ED0009BFD82 /* DefaultPlaceMapper+Root.swift in Sources */,
				172B5349292D6A06009BFD82 /* Event.swift in Sources */,
			);
			runOnlyForDeploymentPostprocessing = 0;
		};
		1755E62228A4419C00164552 /* Sources */ = {
			isa = PBXSourcesBuildPhase;
			buildActionMask = 2147483647;
			files = (
				17AA372428DB9E3E0030F6B7 /* DefaultPlaceMapperTests.swift in Sources */,
			);
			runOnlyForDeploymentPostprocessing = 0;
		};
/* End PBXSourcesBuildPhase section */

/* Begin PBXTargetDependency section */
		172B5376293FB8CE009BFD82 /* PBXTargetDependency */ = {
			isa = PBXTargetDependency;
			target = 1755E5DD289DB4E000164552 /* PhillyJams */;
			targetProxy = 172B5375293FB8CE009BFD82 /* PBXContainerItemProxy */;
		};
		1755E62928A4419C00164552 /* PBXTargetDependency */ = {
			isa = PBXTargetDependency;
			target = 1755E61C28A4419C00164552 /* MusicVenues */;
			targetProxy = 1755E62828A4419C00164552 /* PBXContainerItemProxy */;
		};
		1755E62B28A4419C00164552 /* PBXTargetDependency */ = {
			isa = PBXTargetDependency;
			target = 1755E5DD289DB4E000164552 /* PhillyJams */;
			targetProxy = 1755E62A28A4419C00164552 /* PBXContainerItemProxy */;
		};
		1755E63128A4419C00164552 /* PBXTargetDependency */ = {
			isa = PBXTargetDependency;
			target = 1755E61C28A4419C00164552 /* MusicVenues */;
			targetProxy = 1755E63028A4419C00164552 /* PBXContainerItemProxy */;
		};
/* End PBXTargetDependency section */

/* Begin XCBuildConfiguration section */
		172B5378293FB8CE009BFD82 /* Debug */ = {
			isa = XCBuildConfiguration;
			buildSettings = {
				BUNDLE_LOADER = "$(TEST_HOST)";
				CLANG_CXX_LANGUAGE_STANDARD = "gnu++20";
				CODE_SIGN_STYLE = Automatic;
				CURRENT_PROJECT_VERSION = 1;
				DEVELOPMENT_TEAM = W5SMVQ4M6D;
				GENERATE_INFOPLIST_FILE = YES;
				IPHONEOS_DEPLOYMENT_TARGET = 16.0;
				MARKETING_VERSION = 1.0;
				PRODUCT_BUNDLE_IDENTIFIER = DaveedBalcher.PhillyJamsTests;
				PRODUCT_NAME = "$(TARGET_NAME)";
				SDKROOT = iphoneos;
				SWIFT_EMIT_LOC_STRINGS = NO;
				SWIFT_VERSION = 5.0;
				TARGETED_DEVICE_FAMILY = "1,2";
				TEST_HOST = "$(BUILT_PRODUCTS_DIR)/PhillyJams.app/$(BUNDLE_EXECUTABLE_FOLDER_PATH)/PhillyJams";
			};
			name = Debug;
		};
		172B5379293FB8CE009BFD82 /* Release */ = {
			isa = XCBuildConfiguration;
			buildSettings = {
				BUNDLE_LOADER = "$(TEST_HOST)";
				CLANG_CXX_LANGUAGE_STANDARD = "gnu++20";
				CODE_SIGN_STYLE = Automatic;
				CURRENT_PROJECT_VERSION = 1;
				DEVELOPMENT_TEAM = W5SMVQ4M6D;
				GENERATE_INFOPLIST_FILE = YES;
				IPHONEOS_DEPLOYMENT_TARGET = 16.0;
				MARKETING_VERSION = 1.0;
				PRODUCT_BUNDLE_IDENTIFIER = DaveedBalcher.PhillyJamsTests;
				PRODUCT_NAME = "$(TARGET_NAME)";
				SDKROOT = iphoneos;
				SWIFT_EMIT_LOC_STRINGS = NO;
				SWIFT_VERSION = 5.0;
				TARGETED_DEVICE_FAMILY = "1,2";
				TEST_HOST = "$(BUILT_PRODUCTS_DIR)/PhillyJams.app/$(BUNDLE_EXECUTABLE_FOLDER_PATH)/PhillyJams";
				VALIDATE_PRODUCT = YES;
			};
			name = Release;
		};
		174D45D1289C5C36001AAC96 /* Debug */ = {
			isa = XCBuildConfiguration;
			buildSettings = {
				ALWAYS_SEARCH_USER_PATHS = NO;
				CLANG_ANALYZER_NONNULL = YES;
				CLANG_ANALYZER_NUMBER_OBJECT_CONVERSION = YES_AGGRESSIVE;
				CLANG_CXX_LANGUAGE_STANDARD = "gnu++17";
				CLANG_ENABLE_MODULES = YES;
				CLANG_ENABLE_OBJC_ARC = YES;
				CLANG_ENABLE_OBJC_WEAK = YES;
				CLANG_WARN_BLOCK_CAPTURE_AUTORELEASING = YES;
				CLANG_WARN_BOOL_CONVERSION = YES;
				CLANG_WARN_COMMA = YES;
				CLANG_WARN_CONSTANT_CONVERSION = YES;
				CLANG_WARN_DEPRECATED_OBJC_IMPLEMENTATIONS = YES;
				CLANG_WARN_DIRECT_OBJC_ISA_USAGE = YES_ERROR;
				CLANG_WARN_DOCUMENTATION_COMMENTS = YES;
				CLANG_WARN_EMPTY_BODY = YES;
				CLANG_WARN_ENUM_CONVERSION = YES;
				CLANG_WARN_INFINITE_RECURSION = YES;
				CLANG_WARN_INT_CONVERSION = YES;
				CLANG_WARN_NON_LITERAL_NULL_CONVERSION = YES;
				CLANG_WARN_OBJC_IMPLICIT_RETAIN_SELF = YES;
				CLANG_WARN_OBJC_LITERAL_CONVERSION = YES;
				CLANG_WARN_OBJC_ROOT_CLASS = YES_ERROR;
				CLANG_WARN_QUOTED_INCLUDE_IN_FRAMEWORK_HEADER = YES;
				CLANG_WARN_RANGE_LOOP_ANALYSIS = YES;
				CLANG_WARN_STRICT_PROTOTYPES = YES;
				CLANG_WARN_SUSPICIOUS_MOVE = YES;
				CLANG_WARN_UNGUARDED_AVAILABILITY = YES_AGGRESSIVE;
				CLANG_WARN_UNREACHABLE_CODE = YES;
				CLANG_WARN__DUPLICATE_METHOD_MATCH = YES;
				COPY_PHASE_STRIP = NO;
				DEAD_CODE_STRIPPING = YES;
				DEBUG_INFORMATION_FORMAT = dwarf;
				ENABLE_STRICT_OBJC_MSGSEND = YES;
				ENABLE_TESTABILITY = YES;
				GCC_C_LANGUAGE_STANDARD = gnu11;
				GCC_DYNAMIC_NO_PIC = NO;
				GCC_NO_COMMON_BLOCKS = YES;
				GCC_OPTIMIZATION_LEVEL = 0;
				GCC_PREPROCESSOR_DEFINITIONS = (
					"DEBUG=1",
					"$(inherited)",
				);
				GCC_WARN_64_TO_32_BIT_CONVERSION = YES;
				GCC_WARN_ABOUT_RETURN_TYPE = YES_ERROR;
				GCC_WARN_UNDECLARED_SELECTOR = YES;
				GCC_WARN_UNINITIALIZED_AUTOS = YES_AGGRESSIVE;
				GCC_WARN_UNUSED_FUNCTION = YES;
				GCC_WARN_UNUSED_VARIABLE = YES;
				MACOSX_DEPLOYMENT_TARGET = 12.3;
				MTL_ENABLE_DEBUG_INFO = INCLUDE_SOURCE;
				MTL_FAST_MATH = YES;
				ONLY_ACTIVE_ARCH = YES;
				SDKROOT = macosx;
				SWIFT_ACTIVE_COMPILATION_CONDITIONS = DEBUG;
				SWIFT_OPTIMIZATION_LEVEL = "-Onone";
			};
			name = Debug;
		};
		174D45D2289C5C36001AAC96 /* Release */ = {
			isa = XCBuildConfiguration;
			buildSettings = {
				ALWAYS_SEARCH_USER_PATHS = NO;
				CLANG_ANALYZER_NONNULL = YES;
				CLANG_ANALYZER_NUMBER_OBJECT_CONVERSION = YES_AGGRESSIVE;
				CLANG_CXX_LANGUAGE_STANDARD = "gnu++17";
				CLANG_ENABLE_MODULES = YES;
				CLANG_ENABLE_OBJC_ARC = YES;
				CLANG_ENABLE_OBJC_WEAK = YES;
				CLANG_WARN_BLOCK_CAPTURE_AUTORELEASING = YES;
				CLANG_WARN_BOOL_CONVERSION = YES;
				CLANG_WARN_COMMA = YES;
				CLANG_WARN_CONSTANT_CONVERSION = YES;
				CLANG_WARN_DEPRECATED_OBJC_IMPLEMENTATIONS = YES;
				CLANG_WARN_DIRECT_OBJC_ISA_USAGE = YES_ERROR;
				CLANG_WARN_DOCUMENTATION_COMMENTS = YES;
				CLANG_WARN_EMPTY_BODY = YES;
				CLANG_WARN_ENUM_CONVERSION = YES;
				CLANG_WARN_INFINITE_RECURSION = YES;
				CLANG_WARN_INT_CONVERSION = YES;
				CLANG_WARN_NON_LITERAL_NULL_CONVERSION = YES;
				CLANG_WARN_OBJC_IMPLICIT_RETAIN_SELF = YES;
				CLANG_WARN_OBJC_LITERAL_CONVERSION = YES;
				CLANG_WARN_OBJC_ROOT_CLASS = YES_ERROR;
				CLANG_WARN_QUOTED_INCLUDE_IN_FRAMEWORK_HEADER = YES;
				CLANG_WARN_RANGE_LOOP_ANALYSIS = YES;
				CLANG_WARN_STRICT_PROTOTYPES = YES;
				CLANG_WARN_SUSPICIOUS_MOVE = YES;
				CLANG_WARN_UNGUARDED_AVAILABILITY = YES_AGGRESSIVE;
				CLANG_WARN_UNREACHABLE_CODE = YES;
				CLANG_WARN__DUPLICATE_METHOD_MATCH = YES;
				COPY_PHASE_STRIP = NO;
				DEAD_CODE_STRIPPING = YES;
				DEBUG_INFORMATION_FORMAT = "dwarf-with-dsym";
				ENABLE_NS_ASSERTIONS = NO;
				ENABLE_STRICT_OBJC_MSGSEND = YES;
				GCC_C_LANGUAGE_STANDARD = gnu11;
				GCC_NO_COMMON_BLOCKS = YES;
				GCC_WARN_64_TO_32_BIT_CONVERSION = YES;
				GCC_WARN_ABOUT_RETURN_TYPE = YES_ERROR;
				GCC_WARN_UNDECLARED_SELECTOR = YES;
				GCC_WARN_UNINITIALIZED_AUTOS = YES_AGGRESSIVE;
				GCC_WARN_UNUSED_FUNCTION = YES;
				GCC_WARN_UNUSED_VARIABLE = YES;
				MACOSX_DEPLOYMENT_TARGET = 12.3;
				MTL_ENABLE_DEBUG_INFO = NO;
				MTL_FAST_MATH = YES;
				SDKROOT = macosx;
				SWIFT_COMPILATION_MODE = wholemodule;
				SWIFT_OPTIMIZATION_LEVEL = "-O";
			};
			name = Release;
		};
		1755E5EA289DB4E100164552 /* Debug */ = {
			isa = XCBuildConfiguration;
			buildSettings = {
				ASSETCATALOG_COMPILER_APPICON_NAME = AppIcon;
				ASSETCATALOG_COMPILER_GLOBAL_ACCENT_COLOR_NAME = AccentColor;
				CODE_SIGN_IDENTITY = "Apple Development";
				CODE_SIGN_STYLE = Automatic;
				CURRENT_PROJECT_VERSION = 10;
				DEVELOPMENT_ASSET_PATHS = "";
				DEVELOPMENT_TEAM = W5SMVQ4M6D;
				ENABLE_PREVIEWS = YES;
				GENERATE_INFOPLIST_FILE = YES;
				INFOPLIST_FILE = PhillyJams/Info.plist;
				INFOPLIST_KEY_NSLocationWhenInUseUsageDescription = "This app needs location to show you events close to you";
				INFOPLIST_KEY_UIApplicationSceneManifest_Generation = YES;
				INFOPLIST_KEY_UIApplicationSupportsIndirectInputEvents = YES;
				INFOPLIST_KEY_UILaunchScreen_Generation = YES;
				INFOPLIST_KEY_UIRequiresFullScreen = YES;
				INFOPLIST_KEY_UISupportedInterfaceOrientations_iPhone = UIInterfaceOrientationPortrait;
				INFOPLIST_KEY_UIUserInterfaceStyle = Light;
				IPHONEOS_DEPLOYMENT_TARGET = 15.5;
				LD_RUNPATH_SEARCH_PATHS = (
					"$(inherited)",
					"@executable_path/Frameworks",
				);
				MARKETING_VERSION = 1.0;
				PRODUCT_BUNDLE_IDENTIFIER = Daveed.PhillyJams;
				PRODUCT_NAME = "$(TARGET_NAME)";
				PROVISIONING_PROFILE_SPECIFIER = "";
				SDKROOT = iphoneos;
				SWIFT_EMIT_LOC_STRINGS = YES;
				SWIFT_VERSION = 5.0;
				TARGETED_DEVICE_FAMILY = "1,2";
			};
			name = Debug;
		};
		1755E5EB289DB4E100164552 /* Release */ = {
			isa = XCBuildConfiguration;
			buildSettings = {
				ASSETCATALOG_COMPILER_APPICON_NAME = AppIcon;
				ASSETCATALOG_COMPILER_GLOBAL_ACCENT_COLOR_NAME = AccentColor;
				CODE_SIGN_IDENTITY = "Apple Development";
				CODE_SIGN_STYLE = Automatic;
				CURRENT_PROJECT_VERSION = 10;
				DEVELOPMENT_ASSET_PATHS = "";
				DEVELOPMENT_TEAM = W5SMVQ4M6D;
				ENABLE_PREVIEWS = YES;
				GENERATE_INFOPLIST_FILE = YES;
				INFOPLIST_FILE = PhillyJams/Info.plist;
				INFOPLIST_KEY_NSLocationWhenInUseUsageDescription = "This app needs location to show you events close to you";
				INFOPLIST_KEY_UIApplicationSceneManifest_Generation = YES;
				INFOPLIST_KEY_UIApplicationSupportsIndirectInputEvents = YES;
				INFOPLIST_KEY_UILaunchScreen_Generation = YES;
				INFOPLIST_KEY_UIRequiresFullScreen = YES;
				INFOPLIST_KEY_UISupportedInterfaceOrientations_iPhone = UIInterfaceOrientationPortrait;
				INFOPLIST_KEY_UIUserInterfaceStyle = Light;
				IPHONEOS_DEPLOYMENT_TARGET = 15.5;
				LD_RUNPATH_SEARCH_PATHS = (
					"$(inherited)",
					"@executable_path/Frameworks",
				);
				MARKETING_VERSION = 1.0;
				PRODUCT_BUNDLE_IDENTIFIER = Daveed.PhillyJams;
				PRODUCT_NAME = "$(TARGET_NAME)";
				PROVISIONING_PROFILE_SPECIFIER = "";
				SDKROOT = iphoneos;
				SWIFT_EMIT_LOC_STRINGS = YES;
				SWIFT_VERSION = 5.0;
				TARGETED_DEVICE_FAMILY = "1,2";
				VALIDATE_PRODUCT = YES;
			};
			name = Release;
		};
		1755E63528A4419D00164552 /* Debug */ = {
			isa = XCBuildConfiguration;
			buildSettings = {
				APPLICATION_EXTENSION_API_ONLY = NO;
				CODE_SIGN_STYLE = Automatic;
				CURRENT_PROJECT_VERSION = 1;
				DEFINES_MODULE = YES;
				DEVELOPMENT_TEAM = L4NZ727S2F;
				DYLIB_COMPATIBILITY_VERSION = 1;
				DYLIB_CURRENT_VERSION = 1;
				DYLIB_INSTALL_NAME_BASE = "@rpath";
				GENERATE_INFOPLIST_FILE = YES;
				INFOPLIST_KEY_NSHumanReadableCopyright = "";
				INSTALL_PATH = "$(LOCAL_LIBRARY_DIR)/Frameworks";
				IPHONEOS_DEPLOYMENT_TARGET = 15.5;
				LD_RUNPATH_SEARCH_PATHS = (
					"$(inherited)",
					"@executable_path/Frameworks",
					"@loader_path/Frameworks",
				);
				MARKETING_VERSION = 1.0;
				PRODUCT_BUNDLE_IDENTIFIER = Xpressive.MusicVenues;
				PRODUCT_NAME = "$(TARGET_NAME:c99extidentifier)";
				SDKROOT = iphoneos;
				SKIP_INSTALL = YES;
				SUPPORTS_MACCATALYST = YES;
				SWIFT_EMIT_LOC_STRINGS = YES;
				SWIFT_VERSION = 5.0;
				TARGETED_DEVICE_FAMILY = "1,2";
				VERSIONING_SYSTEM = "apple-generic";
				VERSION_INFO_PREFIX = "";
			};
			name = Debug;
		};
		1755E63628A4419D00164552 /* Release */ = {
			isa = XCBuildConfiguration;
			buildSettings = {
				APPLICATION_EXTENSION_API_ONLY = NO;
				CODE_SIGN_STYLE = Automatic;
				CURRENT_PROJECT_VERSION = 1;
				DEFINES_MODULE = YES;
				DEVELOPMENT_TEAM = L4NZ727S2F;
				DYLIB_COMPATIBILITY_VERSION = 1;
				DYLIB_CURRENT_VERSION = 1;
				DYLIB_INSTALL_NAME_BASE = "@rpath";
				GENERATE_INFOPLIST_FILE = YES;
				INFOPLIST_KEY_NSHumanReadableCopyright = "";
				INSTALL_PATH = "$(LOCAL_LIBRARY_DIR)/Frameworks";
				IPHONEOS_DEPLOYMENT_TARGET = 15.5;
				LD_RUNPATH_SEARCH_PATHS = (
					"$(inherited)",
					"@executable_path/Frameworks",
					"@loader_path/Frameworks",
				);
				MARKETING_VERSION = 1.0;
				PRODUCT_BUNDLE_IDENTIFIER = Xpressive.MusicVenues;
				PRODUCT_NAME = "$(TARGET_NAME:c99extidentifier)";
				SDKROOT = iphoneos;
				SKIP_INSTALL = YES;
				SUPPORTS_MACCATALYST = YES;
				SWIFT_EMIT_LOC_STRINGS = YES;
				SWIFT_VERSION = 5.0;
				TARGETED_DEVICE_FAMILY = "1,2";
				VALIDATE_PRODUCT = YES;
				VERSIONING_SYSTEM = "apple-generic";
				VERSION_INFO_PREFIX = "";
			};
			name = Release;
		};
		1755E63728A4419D00164552 /* Debug */ = {
			isa = XCBuildConfiguration;
			buildSettings = {
				ALWAYS_EMBED_SWIFT_STANDARD_LIBRARIES = YES;
				CLANG_ENABLE_MODULES = YES;
				CODE_SIGN_STYLE = Automatic;
				CURRENT_PROJECT_VERSION = 1;
				DEVELOPMENT_TEAM = L4NZ727S2F;
				GENERATE_INFOPLIST_FILE = YES;
				IPHONEOS_DEPLOYMENT_TARGET = 15.5;
				LD_RUNPATH_SEARCH_PATHS = (
					"$(inherited)",
					"@executable_path/Frameworks",
					"@loader_path/Frameworks",
				);
				MARKETING_VERSION = 1.0;
				PRODUCT_BUNDLE_IDENTIFIER = Xpressive.MusicVenuesTests;
				PRODUCT_NAME = "$(TARGET_NAME)";
				SDKROOT = iphoneos;
				SWIFT_EMIT_LOC_STRINGS = NO;
				SWIFT_OPTIMIZATION_LEVEL = "-Onone";
				SWIFT_VERSION = 5.0;
				TARGETED_DEVICE_FAMILY = "1,2";
			};
			name = Debug;
		};
		1755E63828A4419D00164552 /* Release */ = {
			isa = XCBuildConfiguration;
			buildSettings = {
				ALWAYS_EMBED_SWIFT_STANDARD_LIBRARIES = YES;
				CLANG_ENABLE_MODULES = YES;
				CODE_SIGN_STYLE = Automatic;
				CURRENT_PROJECT_VERSION = 1;
				DEVELOPMENT_TEAM = L4NZ727S2F;
				GENERATE_INFOPLIST_FILE = YES;
				IPHONEOS_DEPLOYMENT_TARGET = 15.5;
				LD_RUNPATH_SEARCH_PATHS = (
					"$(inherited)",
					"@executable_path/Frameworks",
					"@loader_path/Frameworks",
				);
				MARKETING_VERSION = 1.0;
				PRODUCT_BUNDLE_IDENTIFIER = Xpressive.MusicVenuesTests;
				PRODUCT_NAME = "$(TARGET_NAME)";
				SDKROOT = iphoneos;
				SWIFT_EMIT_LOC_STRINGS = NO;
				SWIFT_VERSION = 5.0;
				TARGETED_DEVICE_FAMILY = "1,2";
				VALIDATE_PRODUCT = YES;
			};
			name = Release;
		};
/* End XCBuildConfiguration section */

/* Begin XCConfigurationList section */
		172B5377293FB8CE009BFD82 /* Build configuration list for PBXNativeTarget "PhillyJamsTests" */ = {
			isa = XCConfigurationList;
			buildConfigurations = (
				172B5378293FB8CE009BFD82 /* Debug */,
				172B5379293FB8CE009BFD82 /* Release */,
			);
			defaultConfigurationIsVisible = 0;
			defaultConfigurationName = Release;
		};
		174D45A9289C5C35001AAC96 /* Build configuration list for PBXProject "PhillyJams" */ = {
			isa = XCConfigurationList;
			buildConfigurations = (
				174D45D1289C5C36001AAC96 /* Debug */,
				174D45D2289C5C36001AAC96 /* Release */,
			);
			defaultConfigurationIsVisible = 0;
			defaultConfigurationName = Release;
		};
		1755E5E9289DB4E100164552 /* Build configuration list for PBXNativeTarget "PhillyJams" */ = {
			isa = XCConfigurationList;
			buildConfigurations = (
				1755E5EA289DB4E100164552 /* Debug */,
				1755E5EB289DB4E100164552 /* Release */,
			);
			defaultConfigurationIsVisible = 0;
			defaultConfigurationName = Release;
		};
		1755E63928A4419D00164552 /* Build configuration list for PBXNativeTarget "MusicVenues" */ = {
			isa = XCConfigurationList;
			buildConfigurations = (
				1755E63528A4419D00164552 /* Debug */,
				1755E63628A4419D00164552 /* Release */,
			);
			defaultConfigurationIsVisible = 0;
			defaultConfigurationName = Release;
		};
		1755E63A28A4419D00164552 /* Build configuration list for PBXNativeTarget "MusicVenuesTests" */ = {
			isa = XCConfigurationList;
			buildConfigurations = (
				1755E63728A4419D00164552 /* Debug */,
				1755E63828A4419D00164552 /* Release */,
			);
			defaultConfigurationIsVisible = 0;
			defaultConfigurationName = Release;
		};
/* End XCConfigurationList section */

/* Begin XCRemoteSwiftPackageReference section */
		17C91C2028D0FD8E0038F788 /* XCRemoteSwiftPackageReference "WrappingHStack" */ = {
			isa = XCRemoteSwiftPackageReference;
			repositoryURL = "https://github.com/dkk/WrappingHStack";
			requirement = {
				kind = upToNextMajorVersion;
				minimumVersion = 2.0.0;
			};
		};
/* End XCRemoteSwiftPackageReference section */

/* Begin XCSwiftPackageProductDependency section */
		17C91C2128D0FD8E0038F788 /* WrappingHStack */ = {
			isa = XCSwiftPackageProductDependency;
			package = 17C91C2028D0FD8E0038F788 /* XCRemoteSwiftPackageReference "WrappingHStack" */;
			productName = WrappingHStack;
		};
/* End XCSwiftPackageProductDependency section */
	};
	rootObject = 174D45A6289C5C35001AAC96 /* Project object */;
}
